<?xml version="1.0" encoding="utf-8"?>
<Project ToolsVersion="4.0" xmlns="http://schemas.microsoft.com/developer/msbuild/2003">
  <ItemGroup>
    <Filter Include="Archivos de origen">
      <UniqueIdentifier>{4FC737F1-C7A5-4376-A066-2A32D752A2FF}</UniqueIdentifier>
      <Extensions>cpp;c;cc;cxx;c++;cppm;ixx;def;odl;idl;hpj;bat;asm;asmx</Extensions>
    </Filter>
    <Filter Include="Archivos de encabezado">
      <UniqueIdentifier>{93995380-89BD-4b04-88EB-625FBE52EBFB}</UniqueIdentifier>
      <Extensions>h;hh;hpp;hxx;h++;hm;inl;inc;ipp;xsd</Extensions>
    </Filter>
    <Filter Include="Archivos de recursos">
      <UniqueIdentifier>{67DA6AB6-F800-4c08-8B7A-83BB121AAD01}</UniqueIdentifier>
      <Extensions>rc;ico;cur;bmp;dlg;rc2;rct;bin;rgs;gif;jpg;jpeg;jpe;resx;tiff;tif;png;wav;mfcribbon-ms</Extensions>
    </Filter>
    <Filter Include="Archivos de origen\Models">
      <UniqueIdentifier>{a9dc74a6-60be-400f-80a5-2a8f7dee1699}</UniqueIdentifier>
    </Filter>
    <Filter Include="Archivos de origen\Models\Abstract">
      <UniqueIdentifier>{cc505533-f22a-47d8-a597-fdb8f74a9615}</UniqueIdentifier>
    </Filter>
    <Filter Include="Archivos de origen\Models\DataProviders">
      <UniqueIdentifier>{65ebc79d-8edf-4898-ba01-e5c32045c3bf}</UniqueIdentifier>
    </Filter>
  </ItemGroup>
  <ItemGroup>
    <ClInclude Include="AB-U20-PDG.h">
      <Filter>Archivos de encabezado</Filter>
    </ClInclude>
    <ClInclude Include="IDataProvider.h">
      <Filter>Archivos de encabezado</Filter>
    </ClInclude>
  </ItemGroup>
  <ItemGroup>
    <ClCompile Include="AB-U20-PDG.cpp">
      <Filter>Archivos de origen</Filter>
    </ClCompile>
    <ClCompile Include="Models\Paciente.cpp">
      <Filter>Archivos de origen\Models</Filter>
    </ClCompile>
    <ClCompile Include="IRecord.cpp">
      <Filter>Archivos de origen\Models\Abstract</Filter>
    </ClCompile>
    <ClCompile Include="AbsPersona.cpp">
      <Filter>Archivos de origen\Models\Abstract</Filter>
    </ClCompile>
    <ClCompile Include="Gestion\IDataProvider.cpp">
      <Filter>Archivos de origen\Models\Abstract</Filter>
    </ClCompile>
    <ClCompile Include="FileProvider.cpp">
      <Filter>Archivos de origen\Models\DataProviders</Filter>
    </ClCompile>
  </ItemGroup>
</Project>