<?xml version="1.0" encoding="utf-8"?>
<Project ToolsVersion="4.0" xmlns="http://schemas.microsoft.com/developer/msbuild/2003">
  <ItemGroup>
    <Filter Include="Archivos de origen">
      <UniqueIdentifier>{4FC737F1-C7A5-4376-A066-2A32D752A2FF}</UniqueIdentifier>
      <Extensions>cpp;c;cc;cxx;c++;cppm;ixx;def;odl;idl;hpj;bat;asm;asmx</Extensions>
    </Filter>
    <Filter Include="Archivos de encabezado">
      <UniqueIdentifier>{93995380-89BD-4b04-88EB-625FBE52EBFB}</UniqueIdentifier>
      <Extensions>h;hh;hpp;hxx;h++;hm;inl;inc;ipp;xsd</Extensions>
    </Filter>
    <Filter Include="Archivos de recursos">
      <UniqueIdentifier>{67DA6AB6-F800-4c08-8B7A-83BB121AAD01}</UniqueIdentifier>
      <Extensions>rc;ico;cur;bmp;dlg;rc2;rct;bin;rgs;gif;jpg;jpeg;jpe;resx;tiff;tif;png;wav;mfcribbon-ms</Extensions>
    </Filter>
    <Filter Include="Archivos de origen\Models">
      <UniqueIdentifier>{a9dc74a6-60be-400f-80a5-2a8f7dee1699}</UniqueIdentifier>
    </Filter>
    <Filter Include="Archivos de origen\Models\DataProviders">
      <UniqueIdentifier>{65ebc79d-8edf-4898-ba01-e5c32045c3bf}</UniqueIdentifier>
    </Filter>
    <Filter Include="Archivos de origen\Models\Data">
      <UniqueIdentifier>{27fe07f6-4a74-4801-bf37-051a249e1a03}</UniqueIdentifier>
    </Filter>
    <Filter Include="Archivos de encabezado\Abstract">
      <UniqueIdentifier>{36fc24da-c615-472d-8e38-d52b0955f870}</UniqueIdentifier>
    </Filter>
    <Filter Include="Archivos de encabezado\Data">
      <UniqueIdentifier>{322bbbea-b41a-484b-845a-67f45358ba3c}</UniqueIdentifier>
    </Filter>
    <Filter Include="Archivos de origen\Models\Abstract">
      <UniqueIdentifier>{b111718c-8343-4c28-a6ba-01c7287b6301}</UniqueIdentifier>
    </Filter>
  </ItemGroup>
  <ItemGroup>
    <ClInclude Include="AB-U20-PDG.h">
      <Filter>Archivos de encabezado</Filter>
    </ClInclude>
    <ClInclude Include="AbsPersona.h">
      <Filter>Archivos de encabezado\Abstract</Filter>
    </ClInclude>
    <ClInclude Include="IDataProvider.h">
      <Filter>Archivos de encabezado\Abstract</Filter>
    </ClInclude>
    <ClInclude Include="IRecord.h">
      <Filter>Archivos de encabezado\Abstract</Filter>
    </ClInclude>
    <ClInclude Include="Cita.h">
      <Filter>Archivos de encabezado\Data</Filter>
    </ClInclude>
    <ClInclude Include="Paciente.h">
      <Filter>Archivos de encabezado\Data</Filter>
    </ClInclude>
    <ClInclude Include="Medico.h">
      <Filter>Archivos de encabezado\Data</Filter>
    </ClInclude>
  </ItemGroup>
  <ItemGroup>
    <ClCompile Include="AB-U20-PDG.cpp">
      <Filter>Archivos de origen</Filter>
    </ClCompile>
    <ClCompile Include="FileProvider.cpp">
      <Filter>Archivos de origen\Models\DataProviders</Filter>
    </ClCompile>
    <ClCompile Include="DBProvider.cpp">
      <Filter>Archivos de origen\Models\DataProviders</Filter>
    </ClCompile>
    <ClCompile Include="Paciente.cpp">
      <Filter>Archivos de origen\Models\Data</Filter>
    </ClCompile>
    <ClCompile Include="Medico.cpp">
      <Filter>Archivos de origen\Models\Data</Filter>
    </ClCompile>
    <ClCompile Include="Cita.cpp">
      <Filter>Archivos de origen\Models\Data</Filter>
    </ClCompile>
    <ClCompile Include="IDataProvider.cpp">
      <Filter>Archivos de origen\Models\Abstract</Filter>
    </ClCompile>
    <ClCompile Include="IRecord.cpp">
      <Filter>Archivos de origen\Models\Abstract</Filter>
    </ClCompile>
    <ClCompile Include="AbsPersona.cpp">
      <Filter>Archivos de origen\Models\Abstract</Filter>
    </ClCompile>
  </ItemGroup>
</Project>