
Microsoft Visual Studio Solution File, Format Version 12.00
# Visual Studio Version 17
Project("{2150E333-8FDC-42A3-9474-1A3956D46DE8}") = "CMakePredefinedTargets", "CMakePredefinedTargets", "{3EBABC8D-F973-32F7-8C84-E431A59261C5}"
EndProject
Project("{8BC9CEB8-8B4A-11D0-8D11-00A0C91BC942}") = "ALL_BUILD", "ALL_BUILD.vcxproj", "{BB707502-9451-3B20-8DFB-81214D7A76B0}"
	ProjectSection(ProjectDependencies) = postProject
		{D89CEA99-BB29-3E15-99F5-177E5D46DBD1} = {D89CEA99-BB29-3E15-99F5-177E5D46DBD1}
		{E6B5F0E6-EAB1-3F45-BAFB-C130963AB529} = {E6B5F0E6-EAB1-3F45-BAFB-C130963AB529}
	EndProjectSection
EndProject
Project("{8BC9CEB8-8B4A-11D0-8D11-00A0C91BC942}") = "AB-U20-PDG", "AB-U20-PDG.vcxproj", "{D89CEA99-BB29-3E15-99F5-177E5D46DBD1}"
	ProjectSection(ProjectDependencies) = postProject
		{E6B5F0E6-EAB1-3F45-BAFB-C130963AB529} = {E6B5F0E6-EAB1-3F45-BAFB-C130963AB529}
	EndProjectSection
EndProject
Project("{8BC9CEB8-8B4A-11D0-8D11-00A0C91BC942}") = "ZERO_CHECK", "ZERO_CHECK.vcxproj", "{E6B5F0E6-EAB1-3F45-BAFB-C130963AB529}"
	ProjectSection(ProjectDependencies) = postProject
	EndProjectSection
EndProject
Global
	GlobalSection(SolutionConfigurationPlatforms) = preSolution
		Debug|x64 = Debug|x64
		Release|x64 = Release|x64
	EndGlobalSection
	GlobalSection(ProjectConfigurationPlatforms) = postSolution
		{BB707502-9451-3B20-8DFB-81214D7A76B0}.Debug|x64.ActiveCfg = Debug|x64
		{BB707502-9451-3B20-8DFB-81214D7A76B0}.Release|x64.ActiveCfg = Release|x64
		{D89CEA99-BB29-3E15-99F5-177E5D46DBD1}.Debug|x64.ActiveCfg = Debug|x64
		{D89CEA99-BB29-3E15-99F5-177E5D46DBD1}.Debug|x64.Build.0 = Debug|x64
		{D89CEA99-BB29-3E15-99F5-177E5D46DBD1}.Release|x64.ActiveCfg = Release|x64
		{D89CEA99-BB29-3E15-99F5-177E5D46DBD1}.Release|x64.Build.0 = Release|x64
		{E6B5F0E6-EAB1-3F45-BAFB-C130963AB529}.Debug|x64.ActiveCfg = Debug|x64
		{E6B5F0E6-EAB1-3F45-BAFB-C130963AB529}.Debug|x64.Build.0 = Debug|x64
		{E6B5F0E6-EAB1-3F45-BAFB-C130963AB529}.Release|x64.ActiveCfg = Release|x64
		{E6B5F0E6-EAB1-3F45-BAFB-C130963AB529}.Release|x64.Build.0 = Release|x64
	EndGlobalSection
	GlobalSection(NestedProjects) = preSolution
		{BB707502-9451-3B20-8DFB-81214D7A76B0} = {3EBABC8D-F973-32F7-8C84-E431A59261C5}
		{E6B5F0E6-EAB1-3F45-BAFB-C130963AB529} = {3EBABC8D-F973-32F7-8C84-E431A59261C5}
	EndGlobalSection
	GlobalSection(ExtensibilityGlobals) = postSolution
		SolutionGuid = {ABA464A6-AC59-3E5E-A53C-2B4AD61B6748}
	EndGlobalSection
	GlobalSection(ExtensibilityAddIns) = postSolution
	EndGlobalSection
EndGlobal
